
Microsoft Visual Studio Solution File, Format Version 12.00
# Visual Studio Version 16
VisualStudioVersion = 16.0.31205.134
MinimumVisualStudioVersion = 10.0.40219.1
Project("{FAE04EC0-301F-11D3-BF4B-00C04F79EFBC}") = "Appteste", "Appteste\Appteste.csproj", "{CADE16A9-964F-4B38-B00B-F47D5F93D58D}"
EndProject
Global
	GlobalSection(SolutionConfigurationPlatforms) = preSolution
		Debug|Any CPU = Debug|Any CPU
		Release|Any CPU = Release|Any CPU
	EndGlobalSection
	GlobalSection(ProjectConfigurationPlatforms) = postSolution
		{CADE16A9-964F-4B38-B00B-F47D5F93D58D}.Debug|Any CPU.ActiveCfg = Debug|Any CPU
		{CADE16A9-964F-4B38-B00B-F47D5F93D58D}.Debug|Any CPU.Build.0 = Debug|Any CPU
		{CADE16A9-964F-4B38-B00B-F47D5F93D58D}.Release|Any CPU.ActiveCfg = Release|Any CPU
		{CADE16A9-964F-4B38-B00B-F47D5F93D58D}.Release|Any CPU.Build.0 = Release|Any CPU
	EndGlobalSection
	GlobalSection(SolutionProperties) = preSolution
		HideSolutionNode = FALSE
	EndGlobalSection
	GlobalSection(ExtensibilityGlobals) = postSolution
		SolutionGuid = {F16B0AAC-6963-402D-8B51-30129F7BB9E0}
	EndGlobalSection
EndGlobal
